{
    "_readme": [
        "This file locks the dependencies of your project to a known state",
        "Read more about it at http://getcomposer.org/doc/01-basic-usage.md#composer-lock-the-lock-file"
    ],
    "hash": "89358dfe2a5c4a9049a3b2ef30365db3",
    "packages": [
        {
            "name": "composer/installers",
            "version": "dev-master",
            "source": {
                "type": "git",
                "url": "https://github.com/composer/installers.git",
                "reference": "b3bd071ea114a57212c75aa6a2eef5cfe0cc798f"
            },
            "dist": {
                "type": "zip",
                "url": "https://api.github.com/repos/composer/installers/zipball/b3bd071ea114a57212c75aa6a2eef5cfe0cc798f",
                "reference": "b3bd071ea114a57212c75aa6a2eef5cfe0cc798f",
                "shasum": ""
            },
            "replace": {
                "shama/baton": "*"
            },
            "require-dev": {
                "composer/composer": "1.0.*@dev",
                "phpunit/phpunit": "3.7.*"
            },
            "type": "composer-installer",
            "extra": {
                "class": "Composer\\Installers\\Installer",
                "branch-alias": {
                    "dev-master": "1.0-dev"
                }
            },
            "autoload": {
                "psr-0": {
                    "Composer\\Installers\\": "src/"
                }
            },
            "notification-url": "https://packagist.org/downloads/",
            "license": [
                "MIT"
            ],
            "authors": [
                {
                    "name": "Kyle Robinson Young",
                    "email": "kyle@dontkry.com",
                    "homepage": "https://github.com/shama",
                    "role": "Developer"
                }
            ],
            "description": "A multi-framework Composer library installer",
            "homepage": "http://composer.github.com/installers/",
            "keywords": [
                "TYPO3 CMS",
                "TYPO3 Flow",
                "TYPO3 Neos",
                "agl",
                "cakephp",
                "codeigniter",
                "drupal",
                "fuelphp",
                "installer",
                "joomla",
                "kohana",
                "laravel",
                "li3",
                "lithium",
                "mako",
                "modulework",
                "phpbb",
                "ppi",
                "silverstripe",
                "symfony",
                "wordpress",
                "zend"
            ],
            "time": "2013-08-20 04:37:09"
        },
        {
            "name": "silverstripe-themes/simple",
            "version": "dev-master",
            "source": {
                "type": "git",
                "url": "https://github.com/silverstripe-themes/silverstripe-simple.git",
                "reference": "fa346339a5237460ad94c6efea66c54b0585501f"
            },
            "dist": {
                "type": "zip",
                "url": "https://api.github.com/repos/silverstripe-themes/silverstripe-simple/zipball/fa346339a5237460ad94c6efea66c54b0585501f",
                "reference": "fa346339a5237460ad94c6efea66c54b0585501f",
                "shasum": ""
            },
            "require": {
                "composer/installers": "*",
                "silverstripe/framework": ">=3.0"
            },
            "type": "silverstripe-theme",
            "notification-url": "https://packagist.org/downloads/",
            "license": [
                "BSD-3-Clause"
            ],
            "authors": [
                {
                    "name": "Sara Tušar (Innovaif)",
                    "homepage": "http://www.saratusar.com"
                }
            ],
            "description": "The SilverStripe simple theme (default SilverStripe 3 theme)",
            "keywords": [
                "silverstripe",
                "theme"
            ],
            "time": "2013-05-30 08:36:30"
        },
        {
            "name": "silverstripe/blog",
            "version": "dev-master",
            "source": {
                "type": "git",
                "url": "https://github.com/silverstripe/silverstripe-blog.git",
                "reference": "4f3c258bf4bf6fa56538ef96ae10156d0ffb5455"
            },
            "dist": {
                "type": "zip",
                "url": "https://api.github.com/repos/silverstripe/silverstripe-blog/zipball/4f3c258bf4bf6fa56538ef96ae10156d0ffb5455",
                "reference": "4f3c258bf4bf6fa56538ef96ae10156d0ffb5455",
                "shasum": ""
            },
            "require": {
                "silverstripe/cms": "~3.1"
            },
            "suggest": {
                "silverstripe/comments": "Enable user comments on any page type, including blog posts",
                "silverstripe/widgets": "Additional 'sidebar features', e.g. a list of recent posts and a tagcloud",
                "simplepie/simplepie": "Parse RSS feeds, required for the RSS widget"
            },
            "type": "silverstripe-module",
            "notification-url": "https://packagist.org/downloads/",
            "authors": [
                {
                    "name": "Saophalkun Ponlu",
                    "email": "phalkunz@silverstripe.com"
                },
                {
                    "name": "Carlos Barberis",
                    "email": "carlos@silverstripe.com"
                }
            ],
            "description": "The blog module allows you to post blogs on your SilverStripe. It includes the ability to post blogs using a site front-end form. Blogs are summarised on the blog holder page type, with more detail viewable when a specific blog is clicked.",
            "keywords": [
                "blog",
                "silverstripe"
            ],
            "time": "2013-09-02 09:22:03"
        },
        {
            "name": "silverstripe/cms",
            "version": "3.1.x-dev",
            "source": {
                "type": "git",
                "url": "https://github.com/silverstripe/silverstripe-cms.git",
                "reference": "e991b44994b7557d2d709f6a9d37fb6457e42732"
            },
            "dist": {
                "type": "zip",
                "url": "https://api.github.com/repos/silverstripe/silverstripe-cms/zipball/e991b44994b7557d2d709f6a9d37fb6457e42732",
                "reference": "e991b44994b7557d2d709f6a9d37fb6457e42732",
                "shasum": ""
            },
            "require": {
                "composer/installers": "*",
                "php": ">=5.3.2",
                "silverstripe/framework": "3.1.*"
            },
            "type": "silverstripe-module",
            "autoload": {
                "classmap": [
                    "tests/behat/"
                ]
            },
            "notification-url": "https://packagist.org/downloads/",
            "license": [
                "BSD-3-Clause"
            ],
            "authors": [
                {
                    "name": "SilverStripe",
                    "homepage": "http://silverstripe.com"
                },
                {
                    "name": "The SilverStripe Community",
                    "homepage": "http://silverstripe.org"
                }
            ],
            "description": "The SilverStripe Content Management System",
            "homepage": "http://silverstripe.org",
            "keywords": [
                "cms",
                "silverstripe"
            ],
            "time": "2013-09-30 23:45:33"
        },
        {
            "name": "silverstripe/forum",
            "version": "dev-master",
            "source": {
                "type": "git",
                "url": "https://github.com/silverstripe/silverstripe-forum.git",
                "reference": "255b60ccc442dc8f93d4275ea54eb0682308ad9b"
            },
            "dist": {
                "type": "zip",
                "url": "https://api.github.com/repos/silverstripe/silverstripe-forum/zipball/255b60ccc442dc8f93d4275ea54eb0682308ad9b",
                "reference": "255b60ccc442dc8f93d4275ea54eb0682308ad9b",
                "shasum": ""
            },
            "require": {
                "silverstripe/cms": "~3.1",
                "silverstripe/framework": "~3.1"
            },
            "type": "silverstripe-module",
            "notification-url": "https://packagist.org/downloads/",
            "license": [
                "BSD-3-Clause"
            ],
            "authors": [
                {
                    "name": "Will Rossiter",
                    "email": "will@fullscreen.io",
                    "homepage": "http://wilr.github.com"
                },
                {
                    "name": "Sean Harvey",
                    "email": "sean@silverstripe.com",
                    "homepage": "http://www.silverstripe.com",
                    "role": "Developer"
                }
            ],
            "description": "Forum module for SilverStripe.",
            "keywords": [
                "forum",
                "silverstripe"
            ],
            "time": "2013-09-19 07:16:45"
        },
        {
            "name": "silverstripe/framework",
            "version": "3.1.x-dev",
            "source": {
                "type": "git",
                "url": "https://github.com/silverstripe/silverstripe-framework.git",
                "reference": "92e98f0adbba4219ff5b649ddcd5b9dcb55621bf"
            },
            "dist": {
                "type": "zip",
                "url": "https://api.github.com/repos/silverstripe/silverstripe-framework/zipball/92e98f0adbba4219ff5b649ddcd5b9dcb55621bf",
                "reference": "92e98f0adbba4219ff5b649ddcd5b9dcb55621bf",
                "shasum": ""
            },
            "require": {
                "composer/installers": "*",
                "php": ">=5.3.2"
            },
            "type": "silverstripe-module",
            "autoload": {
                "classmap": [
                    "tests/behat/features/bootstrap"
                ]
            },
            "notification-url": "https://packagist.org/downloads/",
            "license": [
                "BSD-3-Clause"
            ],
            "authors": [
                {
                    "name": "SilverStripe",
                    "homepage": "http://silverstripe.com"
                },
                {
                    "name": "The SilverStripe Community",
                    "homepage": "http://silverstripe.org"
                }
            ],
            "description": "The SilverStripe framework",
            "homepage": "http://silverstripe.org",
            "keywords": [
                "framework",
                "silverstripe"
            ],
            "time": "2013-10-01 00:47:06"
        },
        {
            "name": "silverstripe/userforms",
            "version": "dev-master",
            "source": {
                "type": "git",
                "url": "https://github.com/silverstripe/silverstripe-userforms.git",
                "reference": "d3e4b8a5e8aea388745214ebaa5c61588edf65ed"
            },
            "dist": {
                "type": "zip",
                "url": "https://api.github.com/repos/silverstripe/silverstripe-userforms/zipball/d3e4b8a5e8aea388745214ebaa5c61588edf65ed",
                "reference": "d3e4b8a5e8aea388745214ebaa5c61588edf65ed",
                "shasum": ""
            },
            "require": {
                "silverstripe/cms": "~3.1",
                "silverstripe/framework": "~3.1"
            },
            "type": "silverstripe-module",
            "notification-url": "https://packagist.org/downloads/",
            "license": [
                "BSD-3-Clause"
            ],
            "authors": [
                {
                    "name": "Will Rossiter",
                    "email": "will@fullscreen.io",
                    "homepage": "http://wilr.github.com"
                }
            ],
            "description": "UserForms enables CMS users to create dynamic forms via a drag and drop interface and without getting involved in any PHP code",
            "keywords": [
                "silverstripe",
                "userforms"
            ],
            "time": "2013-09-07 03:07:22"
        },
        {
            "name": "silverstripe/widgets",
            "version": "dev-master",
            "source": {
                "type": "git",
                "url": "https://github.com/silverstripe/silverstripe-widgets.git",
                "reference": "c8dcbf58cf5339e8716af7add921db3488a303e8"
            },
            "dist": {
                "type": "zip",
                "url": "https://api.github.com/repos/silverstripe/silverstripe-widgets/zipball/c8dcbf58cf5339e8716af7add921db3488a303e8",
                "reference": "c8dcbf58cf5339e8716af7add921db3488a303e8",
                "shasum": ""
            },
            "require": {
                "silverstripe/cms": "~3.1",
                "silverstripe/framework": "~3.1"
            },
            "type": "silverstripe-module",
            "notification-url": "https://packagist.org/downloads/",
            "authors": [
                {
                    "name": "Ingo Schommer",
                    "email": "ingo@silverstripe.com",
                    "homepage": "http://chillu.com",
                    "role": "tech-lead"
                }
            ],
            "description": "Widgets are small pieces of functionality such as showing the latest Comments or Flickr Photos. They normally display on the sidebar of your website.",
            "keywords": [
                "blog",
                "silverstripe",
                "widgets"
            ],
            "time": "2013-08-22 15:05:49"
        }
    ],
    "packages-dev": [

    ],
    "aliases": [

    ],
    "minimum-stability": "dev",
    "stability-flags": {
        "silverstripe/cms": 20,
        "silverstripe/framework": 20,
        "silverstripe/blog": 20,
        "silverstripe/forum": 20,
        "silverstripe/userforms": 20,
        "silverstripe/widgets": 20
    },
    "platform": {
        "php": ">=5.3.2"
    },
    "platform-dev": [

    ]
}
